// !$*UTF8*$!
{
	archiveVersion = 1;
	classes = {
	};
	objectVersion = 77;
	objects = {

/* Begin PBXContainerItemProxy section */
		977DD00B2CD91FD20009A26D /* PBXContainerItemProxy */ = {
			isa = PBXContainerItemProxy;
			containerPortal = 977DCFEC2CD91FCF0009A26D /* Project object */;
			proxyType = 1;
			remoteGlobalIDString = 977DCFF32CD91FCF0009A26D;
			remoteInfo = timer;
		};
		977DD0152CD91FD20009A26D /* PBXContainerItemProxy */ = {
			isa = PBXContainerItemProxy;
			containerPortal = 977DCFEC2CD91FCF0009A26D /* Project object */;
			proxyType = 1;
			remoteGlobalIDString = 977DCFF32CD91FCF0009A26D;
			remoteInfo = timer;
		};
/* End PBXContainerItemProxy section */

/* Begin PBXFileReference section */
		977DCFF42CD91FCF0009A26D /* timer.app */ = {isa = PBXFileReference; explicitFileType = wrapper.application; includeInIndex = 0; path = timer.app; sourceTree = BUILT_PRODUCTS_DIR; };
		977DD00A2CD91FD20009A26D /* timerTests.xctest */ = {isa = PBXFileReference; explicitFileType = wrapper.cfbundle; includeInIndex = 0; path = timerTests.xctest; sourceTree = BUILT_PRODUCTS_DIR; };
		977DD0142CD91FD20009A26D /* timerUITests.xctest */ = {isa = PBXFileReference; explicitFileType = wrapper.cfbundle; includeInIndex = 0; path = timerUITests.xctest; sourceTree = BUILT_PRODUCTS_DIR; };
/* End PBXFileReference section */

/* Begin PBXFileSystemSynchronizedBuildFileExceptionSet section */
		977DD01C2CD91FD20009A26D /* Exceptions for "timer" folder in "timer" target */ = {
			isa = PBXFileSystemSynchronizedBuildFileExceptionSet;
			membershipExceptions = (
				Info.plist,
			);
			target = 977DCFF32CD91FCF0009A26D /* timer */;
		};
/* End PBXFileSystemSynchronizedBuildFileExceptionSet section */

/* Begin PBXFileSystemSynchronizedRootGroup section */
		977DCFF62CD91FCF0009A26D /* timer */ = {
			isa = PBXFileSystemSynchronizedRootGroup;
			exceptions = (
				977DD01C2CD91FD20009A26D /* Exceptions for "timer" folder in "timer" target */,
			);
			path = timer;
			sourceTree = "<group>";
		};
		977DD00D2CD91FD20009A26D /* timerTests */ = {
			isa = PBXFileSystemSynchronizedRootGroup;
			path = timerTests;
			sourceTree = "<group>";
		};
		977DD0172CD91FD20009A26D /* timerUITests */ = {
			isa = PBXFileSystemSynchronizedRootGroup;
			path = timerUITests;
			sourceTree = "<group>";
		};
/* End PBXFileSystemSynchronizedRootGroup section */

/* Begin PBXFrameworksBuildPhase section */
		977DCFF12CD91FCF0009A26D /* Frameworks */ = {
			isa = PBXFrameworksBuildPhase;
			buildActionMask = 2147483647;
			files = (
			);
			runOnlyForDeploymentPostprocessing = 0;
		};
		977DD0072CD91FD20009A26D /* Frameworks */ = {
			isa = PBXFrameworksBuildPhase;
			buildActionMask = 2147483647;
			files = (
			);
			runOnlyForDeploymentPostprocessing = 0;
		};
		977DD0112CD91FD20009A26D /* Frameworks */ = {
			isa = PBXFrameworksBuildPhase;
			buildActionMask = 2147483647;
			files = (
			);
			runOnlyForDeploymentPostprocessing = 0;
		};
/* End PBXFrameworksBuildPhase section */

/* Begin PBXGroup section */
		977DCFEB2CD91FCF0009A26D = {
			isa = PBXGroup;
			children = (
				977DCFF62CD91FCF0009A26D /* timer */,
				977DD00D2CD91FD20009A26D /* timerTests */,
				977DD0172CD91FD20009A26D /* timerUITests */,
				977DCFF52CD91FCF0009A26D /* Products */,
			);
			sourceTree = "<group>";
		};
		977DCFF52CD91FCF0009A26D /* Products */ = {
			isa = PBXGroup;
			children = (
				977DCFF42CD91FCF0009A26D /* timer.app */,
				977DD00A2CD91FD20009A26D /* timerTests.xctest */,
				977DD0142CD91FD20009A26D /* timerUITests.xctest */,
			);
			name = Products;
			sourceTree = "<group>";
		};
/* End PBXGroup section */

/* Begin PBXNativeTarget section */
		977DCFF32CD91FCF0009A26D /* timer */ = {
			isa = PBXNativeTarget;
			buildConfigurationList = 977DD01D2CD91FD20009A26D /* Build configuration list for PBXNativeTarget "timer" */;
			buildPhases = (
				977DCFF02CD91FCF0009A26D /* Sources */,
				977DCFF12CD91FCF0009A26D /* Frameworks */,
				977DCFF22CD91FCF0009A26D /* Resources */,
			);
			buildRules = (
			);
			dependencies = (
			);
			fileSystemSynchronizedGroups = (
				977DCFF62CD91FCF0009A26D /* timer */,
			);
			name = timer;
			packageProductDependencies = (
			);
			productName = timer;
			productReference = 977DCFF42CD91FCF0009A26D /* timer.app */;
			productType = "com.apple.product-type.application";
		};
		977DD0092CD91FD20009A26D /* timerTests */ = {
			isa = PBXNativeTarget;
			buildConfigurationList = 977DD0222CD91FD20009A26D /* Build configuration list for PBXNativeTarget "timerTests" */;
			buildPhases = (
				977DD0062CD91FD20009A26D /* Sources */,
				977DD0072CD91FD20009A26D /* Frameworks */,
				977DD0082CD91FD20009A26D /* Resources */,
			);
			buildRules = (
			);
			dependencies = (
				977DD00C2CD91FD20009A26D /* PBXTargetDependency */,
			);
			fileSystemSynchronizedGroups = (
				977DD00D2CD91FD20009A26D /* timerTests */,
			);
			name = timerTests;
			packageProductDependencies = (
			);
			productName = timerTests;
			productReference = 977DD00A2CD91FD20009A26D /* timerTests.xctest */;
			productType = "com.apple.product-type.bundle.unit-test";
		};
		977DD0132CD91FD20009A26D /* timerUITests */ = {
			isa = PBXNativeTarget;
			buildConfigurationList = 977DD0252CD91FD20009A26D /* Build configuration list for PBXNativeTarget "timerUITests" */;
			buildPhases = (
				977DD0102CD91FD20009A26D /* Sources */,
				977DD0112CD91FD20009A26D /* Frameworks */,
				977DD0122CD91FD20009A26D /* Resources */,
			);
			buildRules = (
			);
			dependencies = (
				977DD0162CD91FD20009A26D /* PBXTargetDependency */,
			);
			fileSystemSynchronizedGroups = (
				977DD0172CD91FD20009A26D /* timerUITests */,
			);
			name = timerUITests;
			packageProductDependencies = (
			);
			productName = timerUITests;
			productReference = 977DD0142CD91FD20009A26D /* timerUITests.xctest */;
			productType = "com.apple.product-type.bundle.ui-testing";
		};
/* End PBXNativeTarget section */

/* Begin PBXProject section */
		977DCFEC2CD91FCF0009A26D /* Project object */ = {
			isa = PBXProject;
			attributes = {
				BuildIndependentTargetsInParallel = 1;
				LastSwiftUpdateCheck = 1600;
				LastUpgradeCheck = 1600;
				TargetAttributes = {
					977DCFF32CD91FCF0009A26D = {
						CreatedOnToolsVersion = 16.0;
					};
					977DD0092CD91FD20009A26D = {
						CreatedOnToolsVersion = 16.0;
						TestTargetID = 977DCFF32CD91FCF0009A26D;
					};
					977DD0132CD91FD20009A26D = {
						CreatedOnToolsVersion = 16.0;
						TestTargetID = 977DCFF32CD91FCF0009A26D;
					};
				};
			};
			buildConfigurationList = 977DCFEF2CD91FCF0009A26D /* Build configuration list for PBXProject "timer" */;
			developmentRegion = en;
			hasScannedForEncodings = 0;
			knownRegions = (
				en,
				Base,
			);
			mainGroup = 977DCFEB2CD91FCF0009A26D;
			minimizedProjectReferenceProxies = 1;
			preferredProjectObjectVersion = 77;
			productRefGroup = 977DCFF52CD91FCF0009A26D /* Products */;
			projectDirPath = "";
			projectRoot = "";
			targets = (
				977DCFF32CD91FCF0009A26D /* timer */,
				977DD0092CD91FD20009A26D /* timerTests */,
				977DD0132CD91FD20009A26D /* timerUITests */,
			);
		};
/* End PBXProject section */

/* Begin PBXResourcesBuildPhase section */
		977DCFF22CD91FCF0009A26D /* Resources */ = {
			isa = PBXResourcesBuildPhase;
			buildActionMask = 2147483647;
			files = (
			);
			runOnlyForDeploymentPostprocessing = 0;
		};
		977DD0082CD91FD20009A26D /* Resources */ = {
			isa = PBXResourcesBuildPhase;
			buildActionMask = 2147483647;
			files = (
			);
			runOnlyForDeploymentPostprocessing = 0;
		};
		977DD0122CD91FD20009A26D /* Resources */ = {
			isa = PBXResourcesBuildPhase;
			buildActionMask = 2147483647;
			files = (
			);
			runOnlyForDeploymentPostprocessing = 0;
		};
/* End PBXResourcesBuildPhase section */

/* Begin PBXSourcesBuildPhase section */
		977DCFF02CD91FCF0009A26D /* Sources */ = {
			isa = PBXSourcesBuildPhase;
			buildActionMask = 2147483647;
			files = (
			);
			runOnlyForDeploymentPostprocessing = 0;
		};
		977DD0062CD91FD20009A26D /* Sources */ = {
			isa = PBXSourcesBuildPhase;
			buildActionMask = 2147483647;
			files = (
			);
			runOnlyForDeploymentPostprocessing = 0;
		};
		977DD0102CD91FD20009A26D /* Sources */ = {
			isa = PBXSourcesBuildPhase;
			buildActionMask = 2147483647;
			files = (
			);
			runOnlyForDeploymentPostprocessing = 0;
		};
/* End PBXSourcesBuildPhase section */

/* Begin PBXTargetDependency section */
		977DD00C2CD91FD20009A26D /* PBXTargetDependency */ = {
			isa = PBXTargetDependency;
			target = 977DCFF32CD91FCF0009A26D /* timer */;
			targetProxy = 977DD00B2CD91FD20009A26D /* PBXContainerItemProxy */;
		};
		977DD0162CD91FD20009A26D /* PBXTargetDependency */ = {
			isa = PBXTargetDependency;
			target = 977DCFF32CD91FCF0009A26D /* timer */;
			targetProxy = 977DD0152CD91FD20009A26D /* PBXContainerItemProxy */;
		};
/* End PBXTargetDependency section */

/* Begin XCBuildConfiguration section */
		977DD01E2CD91FD20009A26D /* Debug */ = {
			isa = XCBuildConfiguration;
			buildSettings = {
				ASSETCATALOG_COMPILER_APPICON_NAME = AppIcon;
				ASSETCATALOG_COMPILER_GLOBAL_ACCENT_COLOR_NAME = AccentColor;
				CODE_SIGN_STYLE = Automatic;
				CURRENT_PROJECT_VERSION = 1;
				DEVELOPMENT_TEAM = XD924RPS39;
				GENERATE_INFOPLIST_FILE = YES;
				INFOPLIST_FILE = timer/Info.plist;
				INFOPLIST_KEY_UIApplicationSupportsIndirectInputEvents = YES;
				INFOPLIST_KEY_UILaunchStoryboardName = LaunchScreen;
				INFOPLIST_KEY_UIMainStoryboardFile = Main;
				INFOPLIST_KEY_UISupportedInterfaceOrientations_iPad = "UIInterfaceOrientationPortrait UIInterfaceOrientationPortraitUpsideDown UIInterfaceOrientationLandscapeLeft UIInterfaceOrientationLandscapeRight";
				INFOPLIST_KEY_UISupportedInterfaceOrientations_iPhone = "UIInterfaceOrientationPortrait UIInterfaceOrientationLandscapeLeft UIInterfaceOrientationLandscapeRight";
				LD_RUNPATH_SEARCH_PATHS = (
					"$(inherited)",
					"@executable_path/Frameworks",
				);
				MARKETING_VERSION = 1.0;
				PRODUCT_BUNDLE_IDENTIFIER = kz.mobidev.timer;
				PRODUCT_NAME = "$(TARGET_NAME)";
				SUPPORTED_PLATFORMS = "iphoneos iphonesimulator";
				SUPPORTS_MACCATALYST = NO;
				SUPPORTS_MAC_DESIGNED_FOR_IPHONE_IPAD = NO;
				SUPPORTS_XR_DESIGNED_FOR_IPHONE_IPAD = NO;
				SWIFT_EMIT_LOC_STRINGS = YES;
				SWIFT_VERSION = 5.0;
				TARGETED_DEVICE_FAMILY = 1;
			};
			name = Debug;
		};
		977DD01F2CD91FD20009A26D /* Release */ = {
			isa = XCBuildConfiguration;
			buildSettings = {
				ASSETCATALOG_COMPILER_APPICON_NAME = AppIcon;
				ASSETCATALOG_COMPILER_GLOBAL_ACCENT_COLOR_NAME = AccentColor;
				CODE_SIGN_STYLE = Automatic;
				CURRENT_PROJECT_VERSION = 1;
				DEVELOPMENT_TEAM = XD924RPS39;
				GENERATE_INFOPLIST_FILE = YES;
				INFOPLIST_FILE = timer/Info.plist;
				INFOPLIST_KEY_UIApplicationSupportsIndirectInputEvents = YES;
				INFOPLIST_KEY_UILaunchStoryboardName = LaunchScreen;
				INFOPLIST_KEY_UIMainStoryboardFile = Main;
				INFOPLIST_KEY_UISupportedInterfaceOrientations_iPad = "UIInterfaceOrientationPortrait UIInterfaceOrientationPortraitUpsideDown UIInterfaceOrientationLandscapeLeft UIInterfaceOrientationLandscapeRight";
				INFOPLIST_KEY_UISupportedInterfaceOrientations_iPhone = "UIInterfaceOrientationPortrait UIInterfaceOrientationLandscapeLeft UIInterfaceOrientationLandscapeRight";
				LD_RUNPATH_SEARCH_PATHS = (
					"$(inherited)",
					"@executable_path/Frameworks",
				);
				MARKETING_VERSION = 1.0;
				PRODUCT_BUNDLE_IDENTIFIER = kz.mobidev.timer;
				PRODUCT_NAME = "$(TARGET_NAME)";
				SUPPORTED_PLATFORMS = "iphoneos iphonesimulator";
				SUPPORTS_MACCATALYST = NO;
				SUPPORTS_MAC_DESIGNED_FOR_IPHONE_IPAD = NO;
				SUPPORTS_XR_DESIGNED_FOR_IPHONE_IPAD = NO;
				SWIFT_EMIT_LOC_STRINGS = YES;
				SWIFT_VERSION = 5.0;
				TARGETED_DEVICE_FAMILY = 1;
			};
			name = Release;
		};
		977DD0202CD91FD20009A26D /* Debug */ = {
			isa = XCBuildConfiguration;
			buildSettings = {
				ALWAYS_SEARCH_USER_PATHS = NO;
				ASSETCATALOG_COMPILER_GENERATE_SWIFT_ASSET_SYMBOL_EXTENSIONS = YES;
				CLANG_ANALYZER_NONNULL = YES;
				CLANG_ANALYZER_NUMBER_OBJECT_CONVERSION = YES_AGGRESSIVE;
				CLANG_CXX_LANGUAGE_STANDARD = "gnu++20";
				CLANG_ENABLE_MODULES = YES;
				CLANG_ENABLE_OBJC_ARC = YES;
				CLANG_ENABLE_OBJC_WEAK = YES;
				CLANG_WARN_BLOCK_CAPTURE_AUTORELEASING = YES;
				CLANG_WARN_BOOL_CONVERSION = YES;
				CLANG_WARN_COMMA = YES;
				CLANG_WARN_CONSTANT_CONVERSION = YES;
				CLANG_WARN_DEPRECATED_OBJC_IMPLEMENTATIONS = YES;
				CLANG_WARN_DIRECT_OBJC_ISA_USAGE = YES_ERROR;
				CLANG_WARN_DOCUMENTATION_COMMENTS = YES;
				CLANG_WARN_EMPTY_BODY = YES;
				CLANG_WARN_ENUM_CONVERSION = YES;
				CLANG_WARN_INFINITE_RECURSION = YES;
				CLANG_WARN_INT_CONVERSION = YES;
				CLANG_WARN_NON_LITERAL_NULL_CONVERSION = YES;
				CLANG_WARN_OBJC_IMPLICIT_RETAIN_SELF = YES;
				CLANG_WARN_OBJC_LITERAL_CONVERSION = YES;
				CLANG_WARN_OBJC_ROOT_CLASS = YES_ERROR;
				CLANG_WARN_QUOTED_INCLUDE_IN_FRAMEWORK_HEADER = YES;
				CLANG_WARN_RANGE_LOOP_ANALYSIS = YES;
				CLANG_WARN_STRICT_PROTOTYPES = YES;
				CLANG_WARN_SUSPICIOUS_MOVE = YES;
				CLANG_WARN_UNGUARDED_AVAILABILITY = YES_AGGRESSIVE;
				CLANG_WARN_UNREACHABLE_CODE = YES;
				CLANG_WARN__DUPLICATE_METHOD_MATCH = YES;
				COPY_PHASE_STRIP = NO;
				DEBUG_INFORMATION_FORMAT = dwarf;
				ENABLE_STRICT_OBJC_MSGSEND = YES;
				ENABLE_TESTABILITY = YES;
				ENABLE_USER_SCRIPT_SANDBOXING = YES;
				GCC_C_LANGUAGE_STANDARD = gnu17;
				GCC_DYNAMIC_NO_PIC = NO;
				GCC_NO_COMMON_BLOCKS = YES;
				GCC_OPTIMIZATION_LEVEL = 0;
				GCC_PREPROCESSOR_DEFINITIONS = (
					"DEBUG=1",
					"$(inherited)",
				);
				GCC_WARN_64_TO_32_BIT_CONVERSION = YES;
				GCC_WARN_ABOUT_RETURN_TYPE = YES_ERROR;
				GCC_WARN_UNDECLARED_SELECTOR = YES;
				GCC_WARN_UNINITIALIZED_AUTOS = YES_AGGRESSIVE;
				GCC_WARN_UNUSED_FUNCTION = YES;
				GCC_WARN_UNUSED_VARIABLE = YES;
				IPHONEOS_DEPLOYMENT_TARGET = 18.0;
				LOCALIZATION_PREFERS_STRING_CATALOGS = YES;
				MTL_ENABLE_DEBUG_INFO = INCLUDE_SOURCE;
				MTL_FAST_MATH = YES;
				ONLY_ACTIVE_ARCH = YES;
				SDKROOT = iphoneos;
				SWIFT_ACTIVE_COMPILATION_CONDITIONS = "DEBUG $(inherited)";
				SWIFT_OPTIMIZATION_LEVEL = "-Onone";
			};
			name = Debug;
		};
		977DD0212CD91FD20009A26D /* Release */ = {
			isa = XCBuildConfiguration;
			buildSettings = {
				ALWAYS_SEARCH_USER_PATHS = NO;
				ASSETCATALOG_COMPILER_GENERATE_SWIFT_ASSET_SYMBOL_EXTENSIONS = YES;
				CLANG_ANALYZER_NONNULL = YES;
				CLANG_ANALYZER_NUMBER_OBJECT_CONVERSION = YES_AGGRESSIVE;
				CLANG_CXX_LANGUAGE_STANDARD = "gnu++20";
				CLANG_ENABLE_MODULES = YES;
				CLANG_ENABLE_OBJC_ARC = YES;
				CLANG_ENABLE_OBJC_WEAK = YES;
				CLANG_WARN_BLOCK_CAPTURE_AUTORELEASING = YES;
				CLANG_WARN_BOOL_CONVERSION = YES;
				CLANG_WARN_COMMA = YES;
				CLANG_WARN_CONSTANT_CONVERSION = YES;
				CLANG_WARN_DEPRECATED_OBJC_IMPLEMENTATIONS = YES;
				CLANG_WARN_DIRECT_OBJC_ISA_USAGE = YES_ERROR;
				CLANG_WARN_DOCUMENTATION_COMMENTS = YES;
				CLANG_WARN_EMPTY_BODY = YES;
				CLANG_WARN_ENUM_CONVERSION = YES;
				CLANG_WARN_INFINITE_RECURSION = YES;
				CLANG_WARN_INT_CONVERSION = YES;
				CLANG_WARN_NON_LITERAL_NULL_CONVERSION = YES;
				CLANG_WARN_OBJC_IMPLICIT_RETAIN_SELF = YES;
				CLANG_WARN_OBJC_LITERAL_CONVERSION = YES;
				CLANG_WARN_OBJC_ROOT_CLASS = YES_ERROR;
				CLANG_WARN_QUOTED_INCLUDE_IN_FRAMEWORK_HEADER = YES;
				CLANG_WARN_RANGE_LOOP_ANALYSIS = YES;
				CLANG_WARN_STRICT_PROTOTYPES = YES;
				CLANG_WARN_SUSPICIOUS_MOVE = YES;
				CLANG_WARN_UNGUARDED_AVAILABILITY = YES_AGGRESSIVE;
				CLANG_WARN_UNREACHABLE_CODE = YES;
				CLANG_WARN__DUPLICATE_METHOD_MATCH = YES;
				COPY_PHASE_STRIP = NO;
				DEBUG_INFORMATION_FORMAT = "dwarf-with-dsym";
				ENABLE_NS_ASSERTIONS = NO;
				ENABLE_STRICT_OBJC_MSGSEND = YES;
				ENABLE_USER_SCRIPT_SANDBOXING = YES;
				GCC_C_LANGUAGE_STANDARD = gnu17;
				GCC_NO_COMMON_BLOCKS = YES;
				GCC_WARN_64_TO_32_BIT_CONVERSION = YES;
				GCC_WARN_ABOUT_RETURN_TYPE = YES_ERROR;
				GCC_WARN_UNDECLARED_SELECTOR = YES;
				GCC_WARN_UNINITIALIZED_AUTOS = YES_AGGRESSIVE;
				GCC_WARN_UNUSED_FUNCTION = YES;
				GCC_WARN_UNUSED_VARIABLE = YES;
				IPHONEOS_DEPLOYMENT_TARGET = 18.0;
				LOCALIZATION_PREFERS_STRING_CATALOGS = YES;
				MTL_ENABLE_DEBUG_INFO = NO;
				MTL_FAST_MATH = YES;
				SDKROOT = iphoneos;
				SWIFT_COMPILATION_MODE = wholemodule;
				VALIDATE_PRODUCT = YES;
			};
			name = Release;
		};
		977DD0232CD91FD20009A26D /* Debug */ = {
			isa = XCBuildConfiguration;
			buildSettings = {
				BUNDLE_LOADER = "$(TEST_HOST)";
				CODE_SIGN_STYLE = Automatic;
				CURRENT_PROJECT_VERSION = 1;
				DEVELOPMENT_TEAM = XD924RPS39;
				GENERATE_INFOPLIST_FILE = YES;
				IPHONEOS_DEPLOYMENT_TARGET = 18.0;
				MARKETING_VERSION = 1.0;
				PRODUCT_BUNDLE_IDENTIFIER = kz.mobidev.timerTests;
				PRODUCT_NAME = "$(TARGET_NAME)";
				SWIFT_EMIT_LOC_STRINGS = NO;
				SWIFT_VERSION = 5.0;
				TARGETED_DEVICE_FAMILY = "1,2";
				TEST_HOST = "$(BUILT_PRODUCTS_DIR)/timer.app/$(BUNDLE_EXECUTABLE_FOLDER_PATH)/timer";
			};
			name = Debug;
		};
		977DD0242CD91FD20009A26D /* Release */ = {
			isa = XCBuildConfiguration;
			buildSettings = {
				BUNDLE_LOADER = "$(TEST_HOST)";
				CODE_SIGN_STYLE = Automatic;
				CURRENT_PROJECT_VERSION = 1;
				DEVELOPMENT_TEAM = XD924RPS39;
				GENERATE_INFOPLIST_FILE = YES;
				IPHONEOS_DEPLOYMENT_TARGET = 18.0;
				MARKETING_VERSION = 1.0;
				PRODUCT_BUNDLE_IDENTIFIER = kz.mobidev.timerTests;
				PRODUCT_NAME = "$(TARGET_NAME)";
				SWIFT_EMIT_LOC_STRINGS = NO;
				SWIFT_VERSION = 5.0;
				TARGETED_DEVICE_FAMILY = "1,2";
				TEST_HOST = "$(BUILT_PRODUCTS_DIR)/timer.app/$(BUNDLE_EXECUTABLE_FOLDER_PATH)/timer";
			};
			name = Release;
		};
		977DD0262CD91FD20009A26D /* Debug */ = {
			isa = XCBuildConfiguration;
			buildSettings = {
				CODE_SIGN_STYLE = Automatic;
				CURRENT_PROJECT_VERSION = 1;
				DEVELOPMENT_TEAM = XD924RPS39;
				GENERATE_INFOPLIST_FILE = YES;
				MARKETING_VERSION = 1.0;
				PRODUCT_BUNDLE_IDENTIFIER = kz.mobidev.timerUITests;
				PRODUCT_NAME = "$(TARGET_NAME)";
				SWIFT_EMIT_LOC_STRINGS = NO;
				SWIFT_VERSION = 5.0;
				TARGETED_DEVICE_FAMILY = "1,2";
				TEST_TARGET_NAME = timer;
			};
			name = Debug;
		};
		977DD0272CD91FD20009A26D /* Release */ = {
			isa = XCBuildConfiguration;
			buildSettings = {
				CODE_SIGN_STYLE = Automatic;
				CURRENT_PROJECT_VERSION = 1;
				DEVELOPMENT_TEAM = XD924RPS39;
				GENERATE_INFOPLIST_FILE = YES;
				MARKETING_VERSION = 1.0;
				PRODUCT_BUNDLE_IDENTIFIER = kz.mobidev.timerUITests;
				PRODUCT_NAME = "$(TARGET_NAME)";
				SWIFT_EMIT_LOC_STRINGS = NO;
				SWIFT_VERSION = 5.0;
				TARGETED_DEVICE_FAMILY = "1,2";
				TEST_TARGET_NAME = timer;
			};
			name = Release;
		};
/* End XCBuildConfiguration section */

/* Begin XCConfigurationList section */
		977DCFEF2CD91FCF0009A26D /* Build configuration list for PBXProject "timer" */ = {
			isa = XCConfigurationList;
			buildConfigurations = (
				977DD0202CD91FD20009A26D /* Debug */,
				977DD0212CD91FD20009A26D /* Release */,
			);
			defaultConfigurationIsVisible = 0;
			defaultConfigurationName = Release;
		};
		977DD01D2CD91FD20009A26D /* Build configuration list for PBXNativeTarget "timer" */ = {
			isa = XCConfigurationList;
			buildConfigurations = (
				977DD01E2CD91FD20009A26D /* Debug */,
				977DD01F2CD91FD20009A26D /* Release */,
			);
			defaultConfigurationIsVisible = 0;
			defaultConfigurationName = Release;
		};
		977DD0222CD91FD20009A26D /* Build configuration list for PBXNativeTarget "timerTests" */ = {
			isa = XCConfigurationList;
			buildConfigurations = (
				977DD0232CD91FD20009A26D /* Debug */,
				977DD0242CD91FD20009A26D /* Release */,
			);
			defaultConfigurationIsVisible = 0;
			defaultConfigurationName = Release;
		};
		977DD0252CD91FD20009A26D /* Build configuration list for PBXNativeTarget "timerUITests" */ = {
			isa = XCConfigurationList;
			buildConfigurations = (
				977DD0262CD91FD20009A26D /* Debug */,
				977DD0272CD91FD20009A26D /* Release */,
			);
			defaultConfigurationIsVisible = 0;
			defaultConfigurationName = Release;
		};
/* End XCConfigurationList section */
	};
	rootObject = 977DCFEC2CD91FCF0009A26D /* Project object */;
}
